
Microsoft Visual Studio Solution File, Format Version 12.00
# Visual Studio 15
VisualStudioVersion = 15.0.26403.7
MinimumVisualStudioVersion = 10.0.40219.1
Project("{2150E333-8FDC-42A3-9474-1A3956D46DE8}") = "Tests", "Tests", "{37CFEF97-3859-4F42-899E-B909FE02F850}"
EndProject
Project("{FAE04EC0-301F-11D3-BF4B-00C04F79EFBC}") = "Services", "src\Services\Services.csproj", "{90E3D5B5-40B8-4DCE-BE97-5962F4D0922D}"
EndProject
Project("{9A19103F-16F7-4668-BE54-9A1E7A4F7556}") = "Services.Tests", "src\Services.Tests\Services.Tests.csproj", "{06D0CFEC-E5C0-4E5A-BFAD-BDC791DF7EB8}"
EndProject
Global
	GlobalSection(SolutionConfigurationPlatforms) = preSolution
		Debug|Any CPU = Debug|Any CPU
		Release|Any CPU = Release|Any CPU
	EndGlobalSection
	GlobalSection(ProjectConfigurationPlatforms) = postSolution
		{90E3D5B5-40B8-4DCE-BE97-5962F4D0922D}.Debug|Any CPU.ActiveCfg = Debug|Any CPU
		{90E3D5B5-40B8-4DCE-BE97-5962F4D0922D}.Debug|Any CPU.Build.0 = Debug|Any CPU
		{90E3D5B5-40B8-4DCE-BE97-5962F4D0922D}.Release|Any CPU.ActiveCfg = Release|Any CPU
		{90E3D5B5-40B8-4DCE-BE97-5962F4D0922D}.Release|Any CPU.Build.0 = Release|Any CPU
		{06D0CFEC-E5C0-4E5A-BFAD-BDC791DF7EB8}.Debug|Any CPU.ActiveCfg = Debug|Any CPU
		{06D0CFEC-E5C0-4E5A-BFAD-BDC791DF7EB8}.Debug|Any CPU.Build.0 = Debug|Any CPU
		{06D0CFEC-E5C0-4E5A-BFAD-BDC791DF7EB8}.Release|Any CPU.ActiveCfg = Release|Any CPU
		{06D0CFEC-E5C0-4E5A-BFAD-BDC791DF7EB8}.Release|Any CPU.Build.0 = Release|Any CPU
	EndGlobalSection
	GlobalSection(SolutionProperties) = preSolution
		HideSolutionNode = FALSE
	EndGlobalSection
	GlobalSection(NestedProjects) = preSolution
		{06D0CFEC-E5C0-4E5A-BFAD-BDC791DF7EB8} = {37CFEF97-3859-4F42-899E-B909FE02F850}
	EndGlobalSection
EndGlobal
